
Microsoft Visual Studio Solution File, Format Version 12.00
# Visual Studio Version 17
VisualStudioVersion = 17.8.34322.80
MinimumVisualStudioVersion = 10.0.40219.1
Project("{9A19103F-16F7-4668-BE54-9A1E7A4F7556}") = "20231127HomeWork", "20231127HomeWork\20231127HomeWork.csproj", "{ADA85583-4616-491C-9D66-0CD6034924F0}"
EndProject
Project("{9A19103F-16F7-4668-BE54-9A1E7A4F7556}") = "20231128_1ClassTask", "20231128ClassTask\20231128_1ClassTask.csproj", "{D5B4D667-D60A-4DD2-BE0F-7CF8F89400CA}"
EndProject
Project("{9A19103F-16F7-4668-BE54-9A1E7A4F7556}") = "20231128HomeWork", "20231128HomeWork\20231128HomeWork.csproj", "{060A3A9B-7AB8-4F70-887C-E30D4750BC2F}"
EndProject
Project("{9A19103F-16F7-4668-BE54-9A1E7A4F7556}") = "20231128Class", "20231128Class\20231128Class.csproj", "{83876FFB-FCA7-49F6-8E66-B0BCC791EFA3}"
EndProject
Project("{9A19103F-16F7-4668-BE54-9A1E7A4F7556}") = "20231128ClassTask_", "20231128ClassTask_\20231128ClassTask_.csproj", "{EE799F03-02EF-4828-9943-AC9B0E2679B4}"
EndProject
Project("{9A19103F-16F7-4668-BE54-9A1E7A4F7556}") = "20231128HomeWork_", "20231128HomeWork_\20231128HomeWork_.csproj", "{6C9F3BE0-D1AD-417B-B959-0D4AD4A0E5FF}"
EndProject
Project("{9A19103F-16F7-4668-BE54-9A1E7A4F7556}") = "20231130HomeWork", "20231130HomeWork\20231130HomeWork.csproj", "{B4BFFAD3-2224-4D42-8B3B-A36B0B175C51}"
EndProject
Project("{9A19103F-16F7-4668-BE54-9A1E7A4F7556}") = "Asynchronous", "Asynchronous\Asynchronous.csproj", "{509DF4C3-8805-4023-AFE6-B66D6A3122AD}"
EndProject
Project("{9A19103F-16F7-4668-BE54-9A1E7A4F7556}") = "BasicsApp", "BasicsApp\BasicsApp.csproj", "{7F80AE33-9BCB-40E0-A39F-DFA67800EC3B}"
EndProject
Project("{9A19103F-16F7-4668-BE54-9A1E7A4F7556}") = "C#Training", "C#Training\C#Training.csproj", "{E088B56A-C4DD-4D59-B6CC-819A6B70B0CF}"
EndProject
Project("{9A19103F-16F7-4668-BE54-9A1E7A4F7556}") = "Delegatas", "Delegatas\Delegatas.csproj", "{2723A740-145C-4F89-ABC5-38C7E68FEC07}"
EndProject
Project("{9A19103F-16F7-4668-BE54-9A1E7A4F7556}") = "Generic_ai", "Generic_ai\Generic_ai.csproj", "{512C50FD-8195-49D3-A474-737DC2EA0C20}"
EndProject
Project("{9A19103F-16F7-4668-BE54-9A1E7A4F7556}") = "StringBuilder_Debugger", "StringBuilder_Debugger\StringBuilder_Debugger.csproj", "{A5B318EA-175D-4E69-9DE8-D43977542F53}"
EndProject
Project("{2150E333-8FDC-42A3-9474-1A3956D46DE8}") = "Solution Items", "Solution Items", "{E1E81B7E-A2E2-454F-B3A4-28FA4F6FE18B}"
	ProjectSection(SolutionItems) = preProject
		.editorconfig = .editorconfig
	EndProjectSection
EndProject
Project("{9A19103F-16F7-4668-BE54-9A1E7A4F7556}") = "20231128ClassTask_ASYNC", "20231128ClassTask_ASYNC\20231128ClassTask_ASYNC.csproj", "{302C64F9-C912-4F50-88FA-2D33A4E68D9C}"
EndProject
Project("{FAE04EC0-301F-11D3-BF4B-00C04F79EFBC}") = "Sandobox", "Sandobox1\Sandobox.csproj", "{8A0F6792-9D85-4423-9225-A178E918E63D}"
EndProject
Global
	GlobalSection(SolutionConfigurationPlatforms) = preSolution
		Debug|Any CPU = Debug|Any CPU
		Release|Any CPU = Release|Any CPU
	EndGlobalSection
	GlobalSection(ProjectConfigurationPlatforms) = postSolution
		{ADA85583-4616-491C-9D66-0CD6034924F0}.Debug|Any CPU.ActiveCfg = Debug|Any CPU
		{ADA85583-4616-491C-9D66-0CD6034924F0}.Debug|Any CPU.Build.0 = Debug|Any CPU
		{ADA85583-4616-491C-9D66-0CD6034924F0}.Release|Any CPU.ActiveCfg = Release|Any CPU
		{ADA85583-4616-491C-9D66-0CD6034924F0}.Release|Any CPU.Build.0 = Release|Any CPU
		{D5B4D667-D60A-4DD2-BE0F-7CF8F89400CA}.Debug|Any CPU.ActiveCfg = Debug|Any CPU
		{D5B4D667-D60A-4DD2-BE0F-7CF8F89400CA}.Debug|Any CPU.Build.0 = Debug|Any CPU
		{D5B4D667-D60A-4DD2-BE0F-7CF8F89400CA}.Release|Any CPU.ActiveCfg = Release|Any CPU
		{D5B4D667-D60A-4DD2-BE0F-7CF8F89400CA}.Release|Any CPU.Build.0 = Release|Any CPU
		{060A3A9B-7AB8-4F70-887C-E30D4750BC2F}.Debug|Any CPU.ActiveCfg = Debug|Any CPU
		{060A3A9B-7AB8-4F70-887C-E30D4750BC2F}.Debug|Any CPU.Build.0 = Debug|Any CPU
		{060A3A9B-7AB8-4F70-887C-E30D4750BC2F}.Release|Any CPU.ActiveCfg = Release|Any CPU
		{060A3A9B-7AB8-4F70-887C-E30D4750BC2F}.Release|Any CPU.Build.0 = Release|Any CPU
		{83876FFB-FCA7-49F6-8E66-B0BCC791EFA3}.Debug|Any CPU.ActiveCfg = Debug|Any CPU
		{83876FFB-FCA7-49F6-8E66-B0BCC791EFA3}.Debug|Any CPU.Build.0 = Debug|Any CPU
		{83876FFB-FCA7-49F6-8E66-B0BCC791EFA3}.Release|Any CPU.ActiveCfg = Release|Any CPU
		{83876FFB-FCA7-49F6-8E66-B0BCC791EFA3}.Release|Any CPU.Build.0 = Release|Any CPU
		{EE799F03-02EF-4828-9943-AC9B0E2679B4}.Debug|Any CPU.ActiveCfg = Debug|Any CPU
		{EE799F03-02EF-4828-9943-AC9B0E2679B4}.Debug|Any CPU.Build.0 = Debug|Any CPU
		{EE799F03-02EF-4828-9943-AC9B0E2679B4}.Release|Any CPU.ActiveCfg = Release|Any CPU
		{EE799F03-02EF-4828-9943-AC9B0E2679B4}.Release|Any CPU.Build.0 = Release|Any CPU
		{6C9F3BE0-D1AD-417B-B959-0D4AD4A0E5FF}.Debug|Any CPU.ActiveCfg = Debug|Any CPU
		{6C9F3BE0-D1AD-417B-B959-0D4AD4A0E5FF}.Debug|Any CPU.Build.0 = Debug|Any CPU
		{6C9F3BE0-D1AD-417B-B959-0D4AD4A0E5FF}.Release|Any CPU.ActiveCfg = Release|Any CPU
		{6C9F3BE0-D1AD-417B-B959-0D4AD4A0E5FF}.Release|Any CPU.Build.0 = Release|Any CPU
		{B4BFFAD3-2224-4D42-8B3B-A36B0B175C51}.Debug|Any CPU.ActiveCfg = Debug|Any CPU
		{B4BFFAD3-2224-4D42-8B3B-A36B0B175C51}.Debug|Any CPU.Build.0 = Debug|Any CPU
		{B4BFFAD3-2224-4D42-8B3B-A36B0B175C51}.Release|Any CPU.ActiveCfg = Release|Any CPU
		{B4BFFAD3-2224-4D42-8B3B-A36B0B175C51}.Release|Any CPU.Build.0 = Release|Any CPU
		{509DF4C3-8805-4023-AFE6-B66D6A3122AD}.Debug|Any CPU.ActiveCfg = Debug|Any CPU
		{509DF4C3-8805-4023-AFE6-B66D6A3122AD}.Debug|Any CPU.Build.0 = Debug|Any CPU
		{509DF4C3-8805-4023-AFE6-B66D6A3122AD}.Release|Any CPU.ActiveCfg = Release|Any CPU
		{509DF4C3-8805-4023-AFE6-B66D6A3122AD}.Release|Any CPU.Build.0 = Release|Any CPU
		{7F80AE33-9BCB-40E0-A39F-DFA67800EC3B}.Debug|Any CPU.ActiveCfg = Debug|Any CPU
		{7F80AE33-9BCB-40E0-A39F-DFA67800EC3B}.Debug|Any CPU.Build.0 = Debug|Any CPU
		{7F80AE33-9BCB-40E0-A39F-DFA67800EC3B}.Release|Any CPU.ActiveCfg = Release|Any CPU
		{7F80AE33-9BCB-40E0-A39F-DFA67800EC3B}.Release|Any CPU.Build.0 = Release|Any CPU
		{E088B56A-C4DD-4D59-B6CC-819A6B70B0CF}.Debug|Any CPU.ActiveCfg = Debug|Any CPU
		{E088B56A-C4DD-4D59-B6CC-819A6B70B0CF}.Debug|Any CPU.Build.0 = Debug|Any CPU
		{E088B56A-C4DD-4D59-B6CC-819A6B70B0CF}.Release|Any CPU.ActiveCfg = Release|Any CPU
		{E088B56A-C4DD-4D59-B6CC-819A6B70B0CF}.Release|Any CPU.Build.0 = Release|Any CPU
		{2723A740-145C-4F89-ABC5-38C7E68FEC07}.Debug|Any CPU.ActiveCfg = Debug|Any CPU
		{2723A740-145C-4F89-ABC5-38C7E68FEC07}.Debug|Any CPU.Build.0 = Debug|Any CPU
		{2723A740-145C-4F89-ABC5-38C7E68FEC07}.Release|Any CPU.ActiveCfg = Release|Any CPU
		{2723A740-145C-4F89-ABC5-38C7E68FEC07}.Release|Any CPU.Build.0 = Release|Any CPU
		{512C50FD-8195-49D3-A474-737DC2EA0C20}.Debug|Any CPU.ActiveCfg = Debug|Any CPU
		{512C50FD-8195-49D3-A474-737DC2EA0C20}.Debug|Any CPU.Build.0 = Debug|Any CPU
		{512C50FD-8195-49D3-A474-737DC2EA0C20}.Release|Any CPU.ActiveCfg = Release|Any CPU
		{512C50FD-8195-49D3-A474-737DC2EA0C20}.Release|Any CPU.Build.0 = Release|Any CPU
		{A5B318EA-175D-4E69-9DE8-D43977542F53}.Debug|Any CPU.ActiveCfg = Debug|Any CPU
		{A5B318EA-175D-4E69-9DE8-D43977542F53}.Debug|Any CPU.Build.0 = Debug|Any CPU
		{A5B318EA-175D-4E69-9DE8-D43977542F53}.Release|Any CPU.ActiveCfg = Release|Any CPU
		{A5B318EA-175D-4E69-9DE8-D43977542F53}.Release|Any CPU.Build.0 = Release|Any CPU
		{302C64F9-C912-4F50-88FA-2D33A4E68D9C}.Debug|Any CPU.ActiveCfg = Debug|Any CPU
		{302C64F9-C912-4F50-88FA-2D33A4E68D9C}.Debug|Any CPU.Build.0 = Debug|Any CPU
		{302C64F9-C912-4F50-88FA-2D33A4E68D9C}.Release|Any CPU.ActiveCfg = Release|Any CPU
		{302C64F9-C912-4F50-88FA-2D33A4E68D9C}.Release|Any CPU.Build.0 = Release|Any CPU
		{8A0F6792-9D85-4423-9225-A178E918E63D}.Debug|Any CPU.ActiveCfg = Debug|Any CPU
		{8A0F6792-9D85-4423-9225-A178E918E63D}.Debug|Any CPU.Build.0 = Debug|Any CPU
		{8A0F6792-9D85-4423-9225-A178E918E63D}.Release|Any CPU.ActiveCfg = Release|Any CPU
		{8A0F6792-9D85-4423-9225-A178E918E63D}.Release|Any CPU.Build.0 = Release|Any CPU
	EndGlobalSection
	GlobalSection(SolutionProperties) = preSolution
		HideSolutionNode = FALSE
	EndGlobalSection
	GlobalSection(ExtensibilityGlobals) = postSolution
		SolutionGuid = {4742B22E-30F7-40A9-80D0-9EDAC27A5823}
	EndGlobalSection
EndGlobal
